
Microsoft Visual Studio Solution File, Format Version 12.00
# Visual Studio Version 17
VisualStudioVersion = 17.4.33213.308
MinimumVisualStudioVersion = 10.0.40219.1
Project("{FAE04EC0-301F-11D3-BF4B-00C04F79EFBC}") = "LyambdaExpression", "LyambdaExpression\LyambdaExpression.csproj", "{245388A9-C3D0-43BD-9A67-05CFC800D018}"
EndProject
Global
	GlobalSection(SolutionConfigurationPlatforms) = preSolution
		Debug|Any CPU = Debug|Any CPU
		Release|Any CPU = Release|Any CPU
	EndGlobalSection
	GlobalSection(ProjectConfigurationPlatforms) = postSolution
		{245388A9-C3D0-43BD-9A67-05CFC800D018}.Debug|Any CPU.ActiveCfg = Debug|Any CPU
		{245388A9-C3D0-43BD-9A67-05CFC800D018}.Debug|Any CPU.Build.0 = Debug|Any CPU
		{245388A9-C3D0-43BD-9A67-05CFC800D018}.Release|Any CPU.ActiveCfg = Release|Any CPU
		{245388A9-C3D0-43BD-9A67-05CFC800D018}.Release|Any CPU.Build.0 = Release|Any CPU
	EndGlobalSection
	GlobalSection(SolutionProperties) = preSolution
		HideSolutionNode = FALSE
	EndGlobalSection
	GlobalSection(ExtensibilityGlobals) = postSolution
		SolutionGuid = {6D48CC56-9B83-4859-A50B-2BABFB1A9F4A}
	EndGlobalSection
EndGlobal
