
Microsoft Visual Studio Solution File, Format Version 12.00
# Visual Studio Version 17
VisualStudioVersion = 17.4.33213.308
MinimumVisualStudioVersion = 10.0.40219.1
Project("{FAE04EC0-301F-11D3-BF4B-00C04F79EFBC}") = "Code_Firts_Approch_With_Migration", "Code_Firts_Approch_With_Migration\Code_Firts_Approch_With_Migration.csproj", "{3B33776F-A2ED-4F24-B78A-35759843B6F7}"
EndProject
Global
	GlobalSection(SolutionConfigurationPlatforms) = preSolution
		Debug|Any CPU = Debug|Any CPU
		Release|Any CPU = Release|Any CPU
	EndGlobalSection
	GlobalSection(ProjectConfigurationPlatforms) = postSolution
		{3B33776F-A2ED-4F24-B78A-35759843B6F7}.Debug|Any CPU.ActiveCfg = Debug|Any CPU
		{3B33776F-A2ED-4F24-B78A-35759843B6F7}.Debug|Any CPU.Build.0 = Debug|Any CPU
		{3B33776F-A2ED-4F24-B78A-35759843B6F7}.Release|Any CPU.ActiveCfg = Release|Any CPU
		{3B33776F-A2ED-4F24-B78A-35759843B6F7}.Release|Any CPU.Build.0 = Release|Any CPU
	EndGlobalSection
	GlobalSection(SolutionProperties) = preSolution
		HideSolutionNode = FALSE
	EndGlobalSection
	GlobalSection(ExtensibilityGlobals) = postSolution
		SolutionGuid = {DA56BBF3-42F8-462B-A58A-5C51B29CD7C4}
	EndGlobalSection
EndGlobal
